
Microsoft Visual Studio Solution File, Format Version 12.00
# Visual Studio Version 17
VisualStudioVersion = 17.0.31919.166
MinimumVisualStudioVersion = 10.0.40219.1
Project("{FAE04EC0-301F-11D3-BF4B-00C04F79EFBC}") = "KlasaFile", "KlasaFile.csproj", "{3395E9F9-4A25-4E7F-8E40-FD40C3072CCE}"
EndProject
Global
	GlobalSection(SolutionConfigurationPlatforms) = preSolution
		Debug|Any CPU = Debug|Any CPU
		Release|Any CPU = Release|Any CPU
	EndGlobalSection
	GlobalSection(ProjectConfigurationPlatforms) = postSolution
		{3395E9F9-4A25-4E7F-8E40-FD40C3072CCE}.Debug|Any CPU.ActiveCfg = Debug|Any CPU
		{3395E9F9-4A25-4E7F-8E40-FD40C3072CCE}.Debug|Any CPU.Build.0 = Debug|Any CPU
		{3395E9F9-4A25-4E7F-8E40-FD40C3072CCE}.Release|Any CPU.ActiveCfg = Release|Any CPU
		{3395E9F9-4A25-4E7F-8E40-FD40C3072CCE}.Release|Any CPU.Build.0 = Release|Any CPU
	EndGlobalSection
	GlobalSection(SolutionProperties) = preSolution
		HideSolutionNode = FALSE
	EndGlobalSection
	GlobalSection(ExtensibilityGlobals) = postSolution
		SolutionGuid = {F802D420-5BBB-463E-B48F-FDBE690109EA}
	EndGlobalSection
EndGlobal
